
Microsoft Visual Studio Solution File, Format Version 12.00
# Visual Studio 15
VisualStudioVersion = 15.0.26206.0
MinimumVisualStudioVersion = 10.0.40219.1
Project("{FAE04EC0-301F-11D3-BF4B-00C04F79EFBC}") = "IpCameraClient.WebFacade", "IpCameraClient.WebFacade\IpCameraClient.WebFacade.csproj", "{65D3592E-CCB1-4A5C-A919-1E4A0DF6D2C6}"
EndProject
Project("{FAE04EC0-301F-11D3-BF4B-00C04F79EFBC}") = "IpCameraClient.Abstractions", "IpCameraClient.Abstractions\IpCameraClient.Abstractions.csproj", "{B52B80F7-0BCB-4D7B-B193-C4C42BC4DE32}"
EndProject
Project("{FAE04EC0-301F-11D3-BF4B-00C04F79EFBC}") = "IpCameraClient.Db", "IpCameraClient.Db\IpCameraClient.Db.csproj", "{55F1F24C-82D2-4ED0-8A1C-7E50D292C456}"
EndProject
Project("{FAE04EC0-301F-11D3-BF4B-00C04F79EFBC}") = "IpCameraClient.Model", "IpCameraClient.Model\IpCameraClient.Model.csproj", "{CDC77080-1B76-48A0-891B-B97A1E3CDDCA}"
EndProject
Project("{FAE04EC0-301F-11D3-BF4B-00C04F79EFBC}") = "IpCameraClient.Repository", "IpCameraClient.Repository\IpCameraClient.Repository.csproj", "{CA030D18-46FF-4425-8F84-41397A9C5BD2}"
EndProject
Project("{FAE04EC0-301F-11D3-BF4B-00C04F79EFBC}") = "IpCameraClient.Console", "IpCameraClient.Console\IpCameraClient.Console.csproj", "{FBCB523D-D1AA-4FE7-BE51-B23A89052FAC}"
EndProject
Global
	GlobalSection(SolutionConfigurationPlatforms) = preSolution
		Debug|Any CPU = Debug|Any CPU
		Debug|x64 = Debug|x64
		Debug|x86 = Debug|x86
		Release|Any CPU = Release|Any CPU
		Release|x64 = Release|x64
		Release|x86 = Release|x86
	EndGlobalSection
	GlobalSection(ProjectConfigurationPlatforms) = postSolution
		{65D3592E-CCB1-4A5C-A919-1E4A0DF6D2C6}.Debug|Any CPU.ActiveCfg = Debug|Any CPU
		{65D3592E-CCB1-4A5C-A919-1E4A0DF6D2C6}.Debug|Any CPU.Build.0 = Debug|Any CPU
		{65D3592E-CCB1-4A5C-A919-1E4A0DF6D2C6}.Debug|x64.ActiveCfg = Debug|x64
		{65D3592E-CCB1-4A5C-A919-1E4A0DF6D2C6}.Debug|x64.Build.0 = Debug|x64
		{65D3592E-CCB1-4A5C-A919-1E4A0DF6D2C6}.Debug|x86.ActiveCfg = Debug|x86
		{65D3592E-CCB1-4A5C-A919-1E4A0DF6D2C6}.Debug|x86.Build.0 = Debug|x86
		{65D3592E-CCB1-4A5C-A919-1E4A0DF6D2C6}.Release|Any CPU.ActiveCfg = Release|Any CPU
		{65D3592E-CCB1-4A5C-A919-1E4A0DF6D2C6}.Release|Any CPU.Build.0 = Release|Any CPU
		{65D3592E-CCB1-4A5C-A919-1E4A0DF6D2C6}.Release|x64.ActiveCfg = Release|x64
		{65D3592E-CCB1-4A5C-A919-1E4A0DF6D2C6}.Release|x64.Build.0 = Release|x64
		{65D3592E-CCB1-4A5C-A919-1E4A0DF6D2C6}.Release|x86.ActiveCfg = Release|x86
		{65D3592E-CCB1-4A5C-A919-1E4A0DF6D2C6}.Release|x86.Build.0 = Release|x86
		{B52B80F7-0BCB-4D7B-B193-C4C42BC4DE32}.Debug|Any CPU.ActiveCfg = Debug|Any CPU
		{B52B80F7-0BCB-4D7B-B193-C4C42BC4DE32}.Debug|Any CPU.Build.0 = Debug|Any CPU
		{B52B80F7-0BCB-4D7B-B193-C4C42BC4DE32}.Debug|x64.ActiveCfg = Debug|x64
		{B52B80F7-0BCB-4D7B-B193-C4C42BC4DE32}.Debug|x64.Build.0 = Debug|x64
		{B52B80F7-0BCB-4D7B-B193-C4C42BC4DE32}.Debug|x86.ActiveCfg = Debug|x86
		{B52B80F7-0BCB-4D7B-B193-C4C42BC4DE32}.Debug|x86.Build.0 = Debug|x86
		{B52B80F7-0BCB-4D7B-B193-C4C42BC4DE32}.Release|Any CPU.ActiveCfg = Release|Any CPU
		{B52B80F7-0BCB-4D7B-B193-C4C42BC4DE32}.Release|Any CPU.Build.0 = Release|Any CPU
		{B52B80F7-0BCB-4D7B-B193-C4C42BC4DE32}.Release|x64.ActiveCfg = Release|x64
		{B52B80F7-0BCB-4D7B-B193-C4C42BC4DE32}.Release|x64.Build.0 = Release|x64
		{B52B80F7-0BCB-4D7B-B193-C4C42BC4DE32}.Release|x86.ActiveCfg = Release|x86
		{B52B80F7-0BCB-4D7B-B193-C4C42BC4DE32}.Release|x86.Build.0 = Release|x86
		{55F1F24C-82D2-4ED0-8A1C-7E50D292C456}.Debug|Any CPU.ActiveCfg = Debug|Any CPU
		{55F1F24C-82D2-4ED0-8A1C-7E50D292C456}.Debug|Any CPU.Build.0 = Debug|Any CPU
		{55F1F24C-82D2-4ED0-8A1C-7E50D292C456}.Debug|x64.ActiveCfg = Debug|x64
		{55F1F24C-82D2-4ED0-8A1C-7E50D292C456}.Debug|x64.Build.0 = Debug|x64
		{55F1F24C-82D2-4ED0-8A1C-7E50D292C456}.Debug|x86.ActiveCfg = Debug|x86
		{55F1F24C-82D2-4ED0-8A1C-7E50D292C456}.Debug|x86.Build.0 = Debug|x86
		{55F1F24C-82D2-4ED0-8A1C-7E50D292C456}.Release|Any CPU.ActiveCfg = Release|Any CPU
		{55F1F24C-82D2-4ED0-8A1C-7E50D292C456}.Release|Any CPU.Build.0 = Release|Any CPU
		{55F1F24C-82D2-4ED0-8A1C-7E50D292C456}.Release|x64.ActiveCfg = Release|x64
		{55F1F24C-82D2-4ED0-8A1C-7E50D292C456}.Release|x64.Build.0 = Release|x64
		{55F1F24C-82D2-4ED0-8A1C-7E50D292C456}.Release|x86.ActiveCfg = Release|x86
		{55F1F24C-82D2-4ED0-8A1C-7E50D292C456}.Release|x86.Build.0 = Release|x86
		{CDC77080-1B76-48A0-891B-B97A1E3CDDCA}.Debug|Any CPU.ActiveCfg = Debug|Any CPU
		{CDC77080-1B76-48A0-891B-B97A1E3CDDCA}.Debug|Any CPU.Build.0 = Debug|Any CPU
		{CDC77080-1B76-48A0-891B-B97A1E3CDDCA}.Debug|x64.ActiveCfg = Debug|x64
		{CDC77080-1B76-48A0-891B-B97A1E3CDDCA}.Debug|x64.Build.0 = Debug|x64
		{CDC77080-1B76-48A0-891B-B97A1E3CDDCA}.Debug|x86.ActiveCfg = Debug|x86
		{CDC77080-1B76-48A0-891B-B97A1E3CDDCA}.Debug|x86.Build.0 = Debug|x86
		{CDC77080-1B76-48A0-891B-B97A1E3CDDCA}.Release|Any CPU.ActiveCfg = Release|Any CPU
		{CDC77080-1B76-48A0-891B-B97A1E3CDDCA}.Release|Any CPU.Build.0 = Release|Any CPU
		{CDC77080-1B76-48A0-891B-B97A1E3CDDCA}.Release|x64.ActiveCfg = Release|x64
		{CDC77080-1B76-48A0-891B-B97A1E3CDDCA}.Release|x64.Build.0 = Release|x64
		{CDC77080-1B76-48A0-891B-B97A1E3CDDCA}.Release|x86.ActiveCfg = Release|x86
		{CDC77080-1B76-48A0-891B-B97A1E3CDDCA}.Release|x86.Build.0 = Release|x86
		{CA030D18-46FF-4425-8F84-41397A9C5BD2}.Debug|Any CPU.ActiveCfg = Debug|Any CPU
		{CA030D18-46FF-4425-8F84-41397A9C5BD2}.Debug|Any CPU.Build.0 = Debug|Any CPU
		{CA030D18-46FF-4425-8F84-41397A9C5BD2}.Debug|x64.ActiveCfg = Debug|x64
		{CA030D18-46FF-4425-8F84-41397A9C5BD2}.Debug|x64.Build.0 = Debug|x64
		{CA030D18-46FF-4425-8F84-41397A9C5BD2}.Debug|x86.ActiveCfg = Debug|x86
		{CA030D18-46FF-4425-8F84-41397A9C5BD2}.Debug|x86.Build.0 = Debug|x86
		{CA030D18-46FF-4425-8F84-41397A9C5BD2}.Release|Any CPU.ActiveCfg = Release|Any CPU
		{CA030D18-46FF-4425-8F84-41397A9C5BD2}.Release|Any CPU.Build.0 = Release|Any CPU
		{CA030D18-46FF-4425-8F84-41397A9C5BD2}.Release|x64.ActiveCfg = Release|x64
		{CA030D18-46FF-4425-8F84-41397A9C5BD2}.Release|x64.Build.0 = Release|x64
		{CA030D18-46FF-4425-8F84-41397A9C5BD2}.Release|x86.ActiveCfg = Release|x86
		{CA030D18-46FF-4425-8F84-41397A9C5BD2}.Release|x86.Build.0 = Release|x86
		{FBCB523D-D1AA-4FE7-BE51-B23A89052FAC}.Debug|Any CPU.ActiveCfg = Debug|Any CPU
		{FBCB523D-D1AA-4FE7-BE51-B23A89052FAC}.Debug|Any CPU.Build.0 = Debug|Any CPU
		{FBCB523D-D1AA-4FE7-BE51-B23A89052FAC}.Debug|x64.ActiveCfg = Debug|x64
		{FBCB523D-D1AA-4FE7-BE51-B23A89052FAC}.Debug|x64.Build.0 = Debug|x64
		{FBCB523D-D1AA-4FE7-BE51-B23A89052FAC}.Debug|x86.ActiveCfg = Debug|x86
		{FBCB523D-D1AA-4FE7-BE51-B23A89052FAC}.Debug|x86.Build.0 = Debug|x86
		{FBCB523D-D1AA-4FE7-BE51-B23A89052FAC}.Release|Any CPU.ActiveCfg = Release|Any CPU
		{FBCB523D-D1AA-4FE7-BE51-B23A89052FAC}.Release|Any CPU.Build.0 = Release|Any CPU
		{FBCB523D-D1AA-4FE7-BE51-B23A89052FAC}.Release|x64.ActiveCfg = Release|x64
		{FBCB523D-D1AA-4FE7-BE51-B23A89052FAC}.Release|x64.Build.0 = Release|x64
		{FBCB523D-D1AA-4FE7-BE51-B23A89052FAC}.Release|x86.ActiveCfg = Release|x86
		{FBCB523D-D1AA-4FE7-BE51-B23A89052FAC}.Release|x86.Build.0 = Release|x86
	EndGlobalSection
	GlobalSection(SolutionProperties) = preSolution
		HideSolutionNode = FALSE
	EndGlobalSection
EndGlobal
